
Microsoft Visual Studio Solution File, Format Version 12.00
# Visual Studio Version 16
VisualStudioVersion = 16.0.31729.503
MinimumVisualStudioVersion = 10.0.40219.1
Project("{9A19103F-16F7-4668-BE54-9A1E7A4F7556}") = "ClientUI", "ClientUI\ClientUI.csproj", "{C376D672-C4CB-4547-ADBD-A88C8E464EA5}"
EndProject
Project("{9A19103F-16F7-4668-BE54-9A1E7A4F7556}") = "ServerUI", "ServerUI\ServerUI.csproj", "{2E468362-A5DC-4060-A21A-40C01C041583}"
EndProject
Project("{9A19103F-16F7-4668-BE54-9A1E7A4F7556}") = "ServerBLL", "ServerBLL\ServerBLL.csproj", "{4429D7F9-E2B5-4F1B-B226-D21C183E133D}"
EndProject
Project("{9A19103F-16F7-4668-BE54-9A1E7A4F7556}") = "ServerDAL", "ServerDAL\ServerDAL.csproj", "{2484AE2E-FD73-4F98-9155-B3E7DEE27BC3}"
EndProject
Project("{9A19103F-16F7-4668-BE54-9A1E7A4F7556}") = "MessangerLibrary", "MessangerLibrary\MessangerLibrary.csproj", "{474E08DA-6717-4FAA-B6A7-8BC08AF79964}"
EndProject
Global
	GlobalSection(SolutionConfigurationPlatforms) = preSolution
		Debug|Any CPU = Debug|Any CPU
		Release|Any CPU = Release|Any CPU
	EndGlobalSection
	GlobalSection(ProjectConfigurationPlatforms) = postSolution
		{C376D672-C4CB-4547-ADBD-A88C8E464EA5}.Debug|Any CPU.ActiveCfg = Debug|Any CPU
		{C376D672-C4CB-4547-ADBD-A88C8E464EA5}.Debug|Any CPU.Build.0 = Debug|Any CPU
		{C376D672-C4CB-4547-ADBD-A88C8E464EA5}.Release|Any CPU.ActiveCfg = Release|Any CPU
		{C376D672-C4CB-4547-ADBD-A88C8E464EA5}.Release|Any CPU.Build.0 = Release|Any CPU
		{2E468362-A5DC-4060-A21A-40C01C041583}.Debug|Any CPU.ActiveCfg = Debug|Any CPU
		{2E468362-A5DC-4060-A21A-40C01C041583}.Debug|Any CPU.Build.0 = Debug|Any CPU
		{2E468362-A5DC-4060-A21A-40C01C041583}.Release|Any CPU.ActiveCfg = Release|Any CPU
		{2E468362-A5DC-4060-A21A-40C01C041583}.Release|Any CPU.Build.0 = Release|Any CPU
		{4429D7F9-E2B5-4F1B-B226-D21C183E133D}.Debug|Any CPU.ActiveCfg = Debug|Any CPU
		{4429D7F9-E2B5-4F1B-B226-D21C183E133D}.Debug|Any CPU.Build.0 = Debug|Any CPU
		{4429D7F9-E2B5-4F1B-B226-D21C183E133D}.Release|Any CPU.ActiveCfg = Release|Any CPU
		{4429D7F9-E2B5-4F1B-B226-D21C183E133D}.Release|Any CPU.Build.0 = Release|Any CPU
		{2484AE2E-FD73-4F98-9155-B3E7DEE27BC3}.Debug|Any CPU.ActiveCfg = Debug|Any CPU
		{2484AE2E-FD73-4F98-9155-B3E7DEE27BC3}.Debug|Any CPU.Build.0 = Debug|Any CPU
		{2484AE2E-FD73-4F98-9155-B3E7DEE27BC3}.Release|Any CPU.ActiveCfg = Release|Any CPU
		{2484AE2E-FD73-4F98-9155-B3E7DEE27BC3}.Release|Any CPU.Build.0 = Release|Any CPU
		{474E08DA-6717-4FAA-B6A7-8BC08AF79964}.Debug|Any CPU.ActiveCfg = Debug|Any CPU
		{474E08DA-6717-4FAA-B6A7-8BC08AF79964}.Debug|Any CPU.Build.0 = Debug|Any CPU
		{474E08DA-6717-4FAA-B6A7-8BC08AF79964}.Release|Any CPU.ActiveCfg = Release|Any CPU
		{474E08DA-6717-4FAA-B6A7-8BC08AF79964}.Release|Any CPU.Build.0 = Release|Any CPU
	EndGlobalSection
	GlobalSection(SolutionProperties) = preSolution
		HideSolutionNode = FALSE
	EndGlobalSection
	GlobalSection(ExtensibilityGlobals) = postSolution
		SolutionGuid = {7296DA3D-0F34-4EF1-A069-E16EED9070D7}
	EndGlobalSection
EndGlobal
